// !$*UTF8*$!
{
	archiveVersion = 1;
	classes = {
	};
	objectVersion = 45;
	objects = {

/* Begin PBXBuildFile section */
		3D8072DD12E9161300DDD165 /* distance-test.c in Sources */ = {isa = PBXBuildFile; fileRef = 3D8072B312E914D700DDD165 /* distance-test.c */; };
		3DB3623612B379AA0036C0E1 /* judy-arrays.c in Sources */ = {isa = PBXBuildFile; fileRef = 3DB3623512B379AA0036C0E1 /* judy-arrays.c */; };
		3DE7835E12C5F52B0046031C /* pairs-test.c in Sources */ = {isa = PBXBuildFile; fileRef = 3DE7835D12C5F52B0046031C /* pairs-test.c */; };
		8DD76FB00486AB0100D96B5E /* judy-arrays.1 in CopyFiles */ = {isa = PBXBuildFile; fileRef = C6A0FF2C0290799A04C91782 /* judy-arrays.1 */; };
/* End PBXBuildFile section */

/* Begin PBXCopyFilesBuildPhase section */
		8DD76FAF0486AB0100D96B5E /* CopyFiles */ = {
			isa = PBXCopyFilesBuildPhase;
			buildActionMask = 8;
			dstPath = /usr/share/man/man1/;
			dstSubfolderSpec = 0;
			files = (
				8DD76FB00486AB0100D96B5E /* judy-arrays.1 in CopyFiles */,
			);
			runOnlyForDeploymentPostprocessing = 1;
		};
/* End PBXCopyFilesBuildPhase section */

/* Begin PBXFileReference section */
		3D10CC0212ED56FB000DE9D4 /* judy-levenshtein.c */ = {isa = PBXFileReference; fileEncoding = 4; lastKnownFileType = sourcecode.c.c; path = "judy-levenshtein.c"; sourceTree = "<group>"; };
		3D8072B312E914D700DDD165 /* distance-test.c */ = {isa = PBXFileReference; fileEncoding = 4; lastKnownFileType = sourcecode.c.c; path = "distance-test.c"; sourceTree = "<group>"; };
		3D8072D212E915DA00DDD165 /* distance-test */ = {isa = PBXFileReference; explicitFileType = "compiled.mach-o.executable"; includeInIndex = 0; path = "distance-test"; sourceTree = BUILT_PRODUCTS_DIR; };
		3DB3623512B379AA0036C0E1 /* judy-arrays.c */ = {isa = PBXFileReference; fileEncoding = 4; lastKnownFileType = sourcecode.c.c; path = "judy-arrays.c"; sourceTree = "<group>"; };
		3DE7835412C5F4D90046031C /* pairs-test */ = {isa = PBXFileReference; explicitFileType = "compiled.mach-o.executable"; includeInIndex = 0; path = "pairs-test"; sourceTree = BUILT_PRODUCTS_DIR; };
		3DE7835D12C5F52B0046031C /* pairs-test.c */ = {isa = PBXFileReference; fileEncoding = 4; lastKnownFileType = sourcecode.c.c; path = "pairs-test.c"; sourceTree = "<group>"; };
		8DD76FB20486AB0100D96B5E /* judy-arrays */ = {isa = PBXFileReference; explicitFileType = "compiled.mach-o.executable"; includeInIndex = 0; path = "judy-arrays"; sourceTree = BUILT_PRODUCTS_DIR; };
		C6A0FF2C0290799A04C91782 /* judy-arrays.1 */ = {isa = PBXFileReference; lastKnownFileType = text.man; path = "judy-arrays.1"; sourceTree = "<group>"; };
/* End PBXFileReference section */

/* Begin PBXFrameworksBuildPhase section */
		3D8072D012E915DA00DDD165 /* Frameworks */ = {
			isa = PBXFrameworksBuildPhase;
			buildActionMask = 2147483647;
			files = (
			);
			runOnlyForDeploymentPostprocessing = 0;
		};
		3DE7835212C5F4D90046031C /* Frameworks */ = {
			isa = PBXFrameworksBuildPhase;
			buildActionMask = 2147483647;
			files = (
			);
			runOnlyForDeploymentPostprocessing = 0;
		};
		8DD76FAD0486AB0100D96B5E /* Frameworks */ = {
			isa = PBXFrameworksBuildPhase;
			buildActionMask = 2147483647;
			files = (
			);
			runOnlyForDeploymentPostprocessing = 0;
		};
/* End PBXFrameworksBuildPhase section */

/* Begin PBXGroup section */
		08FB7794FE84155DC02AAC07 /* judy-arrays */ = {
			isa = PBXGroup;
			children = (
				08FB7795FE84155DC02AAC07 /* Source */,
				3DE7835912C5F4EA0046031C /* Tests */,
				C6A0FF2B0290797F04C91782 /* Documentation */,
				1AB674ADFE9D54B511CA2CBB /* Products */,
			);
			name = "judy-arrays";
			sourceTree = "<group>";
		};
		08FB7795FE84155DC02AAC07 /* Source */ = {
			isa = PBXGroup;
			children = (
				3DB3623512B379AA0036C0E1 /* judy-arrays.c */,
				3D10CC0212ED56FB000DE9D4 /* judy-levenshtein.c */,
			);
			name = Source;
			sourceTree = "<group>";
		};
		1AB674ADFE9D54B511CA2CBB /* Products */ = {
			isa = PBXGroup;
			children = (
				8DD76FB20486AB0100D96B5E /* judy-arrays */,
				3DE7835412C5F4D90046031C /* pairs-test */,
				3D8072D212E915DA00DDD165 /* distance-test */,
			);
			name = Products;
			sourceTree = "<group>";
		};
		3DE7835912C5F4EA0046031C /* Tests */ = {
			isa = PBXGroup;
			children = (
				3DE7835D12C5F52B0046031C /* pairs-test.c */,
				3D8072B312E914D700DDD165 /* distance-test.c */,
			);
			name = Tests;
			sourceTree = "<group>";
		};
		C6A0FF2B0290797F04C91782 /* Documentation */ = {
			isa = PBXGroup;
			children = (
				C6A0FF2C0290799A04C91782 /* judy-arrays.1 */,
			);
			name = Documentation;
			sourceTree = "<group>";
		};
/* End PBXGroup section */

/* Begin PBXNativeTarget section */
		3D8072D112E915DA00DDD165 /* distance-test */ = {
			isa = PBXNativeTarget;
			buildConfigurationList = 3D8072E012E9163100DDD165 /* Build configuration list for PBXNativeTarget "distance-test" */;
			buildPhases = (
				3D8072CF12E915DA00DDD165 /* Sources */,
				3D8072D012E915DA00DDD165 /* Frameworks */,
			);
			buildRules = (
			);
			dependencies = (
			);
			name = "distance-test";
			productName = "distance-test";
			productReference = 3D8072D212E915DA00DDD165 /* distance-test */;
			productType = "com.apple.product-type.tool";
		};
		3DE7835312C5F4D90046031C /* pairs-test */ = {
			isa = PBXNativeTarget;
			buildConfigurationList = 3DE7835A12C5F4EA0046031C /* Build configuration list for PBXNativeTarget "pairs-test" */;
			buildPhases = (
				3DE7835112C5F4D90046031C /* Sources */,
				3DE7835212C5F4D90046031C /* Frameworks */,
			);
			buildRules = (
			);
			dependencies = (
			);
			name = "pairs-test";
			productName = "pairs-test";
			productReference = 3DE7835412C5F4D90046031C /* pairs-test */;
			productType = "com.apple.product-type.tool";
		};
		8DD76FA90486AB0100D96B5E /* judy-arrays */ = {
			isa = PBXNativeTarget;
			buildConfigurationList = 1DEB928508733DD80010E9CD /* Build configuration list for PBXNativeTarget "judy-arrays" */;
			buildPhases = (
				8DD76FAB0486AB0100D96B5E /* Sources */,
				8DD76FAD0486AB0100D96B5E /* Frameworks */,
				8DD76FAF0486AB0100D96B5E /* CopyFiles */,
			);
			buildRules = (
			);
			dependencies = (
			);
			name = "judy-arrays";
			productInstallPath = "$(HOME)/bin";
			productName = "judy-arrays";
			productReference = 8DD76FB20486AB0100D96B5E /* judy-arrays */;
			productType = "com.apple.product-type.tool";
		};
/* End PBXNativeTarget section */

/* Begin PBXProject section */
		08FB7793FE84155DC02AAC07 /* Project object */ = {
			isa = PBXProject;
			buildConfigurationList = 1DEB928908733DD80010E9CD /* Build configuration list for PBXProject "judy-arrays" */;
			compatibilityVersion = "Xcode 3.1";
			developmentRegion = English;
			hasScannedForEncodings = 1;
			knownRegions = (
				English,
				Japanese,
				French,
				German,
			);
			mainGroup = 08FB7794FE84155DC02AAC07 /* judy-arrays */;
			projectDirPath = "";
			projectRoot = "";
			targets = (
				8DD76FA90486AB0100D96B5E /* judy-arrays */,
				3DE7835312C5F4D90046031C /* pairs-test */,
				3D8072D112E915DA00DDD165 /* distance-test */,
			);
		};
/* End PBXProject section */

/* Begin PBXSourcesBuildPhase section */
		3D8072CF12E915DA00DDD165 /* Sources */ = {
			isa = PBXSourcesBuildPhase;
			buildActionMask = 2147483647;
			files = (
				3D8072DD12E9161300DDD165 /* distance-test.c in Sources */,
			);
			runOnlyForDeploymentPostprocessing = 0;
		};
		3DE7835112C5F4D90046031C /* Sources */ = {
			isa = PBXSourcesBuildPhase;
			buildActionMask = 2147483647;
			files = (
				3DE7835E12C5F52B0046031C /* pairs-test.c in Sources */,
			);
			runOnlyForDeploymentPostprocessing = 0;
		};
		8DD76FAB0486AB0100D96B5E /* Sources */ = {
			isa = PBXSourcesBuildPhase;
			buildActionMask = 2147483647;
			files = (
				3DB3623612B379AA0036C0E1 /* judy-arrays.c in Sources */,
			);
			runOnlyForDeploymentPostprocessing = 0;
		};
/* End PBXSourcesBuildPhase section */

/* Begin XCBuildConfiguration section */
		1DEB928608733DD80010E9CD /* Debug */ = {
			isa = XCBuildConfiguration;
			buildSettings = {
				ALWAYS_SEARCH_USER_PATHS = NO;
				COPY_PHASE_STRIP = NO;
				GCC_DYNAMIC_NO_PIC = NO;
				GCC_ENABLE_FIX_AND_CONTINUE = YES;
				GCC_MODEL_TUNING = G5;
				GCC_OPTIMIZATION_LEVEL = 0;
				GCC_PREPROCESSOR_DEFINITIONS = STANDALONE;
				INSTALL_PATH = /usr/local/bin;
				PRODUCT_NAME = "judy-arrays";
			};
			name = Debug;
		};
		1DEB928708733DD80010E9CD /* Release */ = {
			isa = XCBuildConfiguration;
			buildSettings = {
				ALWAYS_SEARCH_USER_PATHS = NO;
				DEBUG_INFORMATION_FORMAT = "dwarf-with-dsym";
				GCC_MODEL_TUNING = G5;
				GCC_PREPROCESSOR_DEFINITIONS = STANDALONE;
				INSTALL_PATH = /usr/local/bin;
				PRODUCT_NAME = "judy-arrays";
			};
			name = Release;
		};
		1DEB928A08733DD80010E9CD /* Debug */ = {
			isa = XCBuildConfiguration;
			buildSettings = {
				ARCHS = "$(ARCHS_STANDARD_32_64_BIT)";
				GCC_C_LANGUAGE_STANDARD = c99;
				GCC_OPTIMIZATION_LEVEL = 0;
				GCC_VERSION = com.apple.compilers.llvm.clang.1_0;
				GCC_WARN_ABOUT_RETURN_TYPE = YES;
				GCC_WARN_UNUSED_VARIABLE = YES;
				ONLY_ACTIVE_ARCH = YES;
				PREBINDING = NO;
				SDKROOT = macosx10.5;
			};
			name = Debug;
		};
		1DEB928B08733DD80010E9CD /* Release */ = {
			isa = XCBuildConfiguration;
			buildSettings = {
				ARCHS = "$(ARCHS_STANDARD_32_64_BIT)";
				GCC_C_LANGUAGE_STANDARD = c99;
				GCC_VERSION = com.apple.compilers.llvm.clang.1_0;
				GCC_WARN_ABOUT_RETURN_TYPE = YES;
				GCC_WARN_UNUSED_VARIABLE = YES;
				PREBINDING = NO;
				SDKROOT = macosx10.5;
			};
			name = Release;
		};
		3D8072D412E915DC00DDD165 /* Debug */ = {
			isa = XCBuildConfiguration;
			buildSettings = {
				ALWAYS_SEARCH_USER_PATHS = NO;
				COPY_PHASE_STRIP = NO;
				GCC_DYNAMIC_NO_PIC = NO;
				GCC_ENABLE_FIX_AND_CONTINUE = YES;
				GCC_MODEL_TUNING = G5;
				GCC_OPTIMIZATION_LEVEL = 0;
				INSTALL_PATH = /usr/local/bin;
				PREBINDING = NO;
				PRODUCT_NAME = "distance-test";
			};
			name = Debug;
		};
		3D8072D512E915DC00DDD165 /* Release */ = {
			isa = XCBuildConfiguration;
			buildSettings = {
				ALWAYS_SEARCH_USER_PATHS = NO;
				COPY_PHASE_STRIP = YES;
				DEBUG_INFORMATION_FORMAT = "dwarf-with-dsym";
				GCC_ENABLE_FIX_AND_CONTINUE = NO;
				GCC_MODEL_TUNING = G5;
				INSTALL_PATH = /usr/local/bin;
				PREBINDING = NO;
				PRODUCT_NAME = "distance-test";
				ZERO_LINK = NO;
			};
			name = Release;
		};
		3DE7835612C5F4DB0046031C /* Debug */ = {
			isa = XCBuildConfiguration;
			buildSettings = {
				ALWAYS_SEARCH_USER_PATHS = NO;
				COPY_PHASE_STRIP = NO;
				GCC_DYNAMIC_NO_PIC = NO;
				GCC_ENABLE_FIX_AND_CONTINUE = YES;
				GCC_MODEL_TUNING = G5;
				GCC_OPTIMIZATION_LEVEL = 0;
				INSTALL_PATH = /usr/local/bin;
				PREBINDING = NO;
				PRODUCT_NAME = "pairs-test";
			};
			name = Debug;
		};
		3DE7835712C5F4DB0046031C /* Release */ = {
			isa = XCBuildConfiguration;
			buildSettings = {
				ALWAYS_SEARCH_USER_PATHS = NO;
				COPY_PHASE_STRIP = YES;
				DEBUG_INFORMATION_FORMAT = "dwarf-with-dsym";
				GCC_ENABLE_FIX_AND_CONTINUE = NO;
				GCC_MODEL_TUNING = G5;
				INSTALL_PATH = /usr/local/bin;
				PREBINDING = NO;
				PRODUCT_NAME = "pairs-test";
				ZERO_LINK = NO;
			};
			name = Release;
		};
/* End XCBuildConfiguration section */

/* Begin XCConfigurationList section */
		1DEB928508733DD80010E9CD /* Build configuration list for PBXNativeTarget "judy-arrays" */ = {
			isa = XCConfigurationList;
			buildConfigurations = (
				1DEB928608733DD80010E9CD /* Debug */,
				1DEB928708733DD80010E9CD /* Release */,
			);
			defaultConfigurationIsVisible = 0;
			defaultConfigurationName = Release;
		};
		1DEB928908733DD80010E9CD /* Build configuration list for PBXProject "judy-arrays" */ = {
			isa = XCConfigurationList;
			buildConfigurations = (
				1DEB928A08733DD80010E9CD /* Debug */,
				1DEB928B08733DD80010E9CD /* Release */,
			);
			defaultConfigurationIsVisible = 0;
			defaultConfigurationName = Release;
		};
		3D8072E012E9163100DDD165 /* Build configuration list for PBXNativeTarget "distance-test" */ = {
			isa = XCConfigurationList;
			buildConfigurations = (
				3D8072D412E915DC00DDD165 /* Debug */,
				3D8072D512E915DC00DDD165 /* Release */,
			);
			defaultConfigurationIsVisible = 0;
			defaultConfigurationName = Release;
		};
		3DE7835A12C5F4EA0046031C /* Build configuration list for PBXNativeTarget "pairs-test" */ = {
			isa = XCConfigurationList;
			buildConfigurations = (
				3DE7835612C5F4DB0046031C /* Debug */,
				3DE7835712C5F4DB0046031C /* Release */,
			);
			defaultConfigurationIsVisible = 0;
			defaultConfigurationName = Release;
		};
/* End XCConfigurationList section */
	};
	rootObject = 08FB7793FE84155DC02AAC07 /* Project object */;
}
